
Microsoft Visual Studio Solution File, Format Version 12.00
# Visual Studio Version 16
VisualStudioVersion = 16.0.29728.190
MinimumVisualStudioVersion = 10.0.40219.1
Project("{FAE04EC0-301F-11D3-BF4B-00C04F79EFBC}") = "KitapWebsitesi", "KitapWebsitesi\KitapWebsitesi.csproj", "{B658F851-9B89-4A80-888B-9DF3E497FFD3}"
EndProject
Global
	GlobalSection(SolutionConfigurationPlatforms) = preSolution
		Debug|Any CPU = Debug|Any CPU
		Release|Any CPU = Release|Any CPU
	EndGlobalSection
	GlobalSection(ProjectConfigurationPlatforms) = postSolution
		{B658F851-9B89-4A80-888B-9DF3E497FFD3}.Debug|Any CPU.ActiveCfg = Debug|Any CPU
		{B658F851-9B89-4A80-888B-9DF3E497FFD3}.Debug|Any CPU.Build.0 = Debug|Any CPU
		{B658F851-9B89-4A80-888B-9DF3E497FFD3}.Release|Any CPU.ActiveCfg = Release|Any CPU
		{B658F851-9B89-4A80-888B-9DF3E497FFD3}.Release|Any CPU.Build.0 = Release|Any CPU
	EndGlobalSection
	GlobalSection(SolutionProperties) = preSolution
		HideSolutionNode = FALSE
	EndGlobalSection
	GlobalSection(ExtensibilityGlobals) = postSolution
		SolutionGuid = {4BEAB0B6-78D7-4F1F-A4F4-66701840BA8D}
	EndGlobalSection
EndGlobal
